// !$*UTF8*$!
{
	archiveVersion = 1;
	classes = {
	};
	objectVersion = 55;
	objects = {

/* Begin PBXBuildFile section */
		3D17E629276E9972001D45C1 /* Appantry_SwiftUIApp.swift in Sources */ = {isa = PBXBuildFile; fileRef = 3D17E628276E9972001D45C1 /* Appantry_SwiftUIApp.swift */; };
		3D17E62B276E9972001D45C1 /* ContentView.swift in Sources */ = {isa = PBXBuildFile; fileRef = 3D17E62A276E9972001D45C1 /* ContentView.swift */; };
		3D17E62D276E9973001D45C1 /* Assets.xcassets in Resources */ = {isa = PBXBuildFile; fileRef = 3D17E62C276E9973001D45C1 /* Assets.xcassets */; };
		3D17E630276E9973001D45C1 /* Preview Assets.xcassets in Resources */ = {isa = PBXBuildFile; fileRef = 3D17E62F276E9973001D45C1 /* Preview Assets.xcassets */; };
		3D17E638276E9A9F001D45C1 /* GroceriesListsMainView.swift in Sources */ = {isa = PBXBuildFile; fileRef = 3D17E637276E9A9F001D45C1 /* GroceriesListsMainView.swift */; };
		3D17E63B276E9AEE001D45C1 /* GroceriesListData.swift in Sources */ = {isa = PBXBuildFile; fileRef = 3D17E63A276E9AEE001D45C1 /* GroceriesListData.swift */; };
		3D17E63D276E9EA7001D45C1 /* GroceriesListCardView.swift in Sources */ = {isa = PBXBuildFile; fileRef = 3D17E63C276E9EA7001D45C1 /* GroceriesListCardView.swift */; };
		3D17E63F276EA031001D45C1 /* GroceriesListsDetailView.swift in Sources */ = {isa = PBXBuildFile; fileRef = 3D17E63E276EA031001D45C1 /* GroceriesListsDetailView.swift */; };
		3D17E642276F444E001D45C1 /* HomeView.swift in Sources */ = {isa = PBXBuildFile; fileRef = 3D17E641276F444E001D45C1 /* HomeView.swift */; };
		3D17E645276F4B5E001D45C1 /* HomeCardView.swift in Sources */ = {isa = PBXBuildFile; fileRef = 3D17E644276F4B5E001D45C1 /* HomeCardView.swift */; };
		3D17E64A276FC287001D45C1 /* ProductData.swift in Sources */ = {isa = PBXBuildFile; fileRef = 3D17E649276FC287001D45C1 /* ProductData.swift */; };
		3D79F36327731FEB009EACD0 /* CoreDataModel.xcdatamodeld in Sources */ = {isa = PBXBuildFile; fileRef = 3D79F36127731FEB009EACD0 /* CoreDataModel.xcdatamodeld */; };
		3D79F3662773202D009EACD0 /* PersistenceController.swift in Sources */ = {isa = PBXBuildFile; fileRef = 3D79F3652773202D009EACD0 /* PersistenceController.swift */; };
		3D79F36D2775315F009EACD0 /* AddProductPopover.swift in Sources */ = {isa = PBXBuildFile; fileRef = 3D79F36C2775315F009EACD0 /* AddProductPopover.swift */; };
		3D79F36F277CD653009EACD0 /* K.swift in Sources */ = {isa = PBXBuildFile; fileRef = 3D79F36E277CD653009EACD0 /* K.swift */; };
		3D79F37227823F00009EACD0 /* AddProductPopoverViewModel.swift in Sources */ = {isa = PBXBuildFile; fileRef = 3D79F37127823F00009EACD0 /* AddProductPopoverViewModel.swift */; };
		3D79F37427824450009EACD0 /* Model.swift in Sources */ = {isa = PBXBuildFile; fileRef = 3D79F37327824450009EACD0 /* Model.swift */; };
		3D79F37627824816009EACD0 /* ProductsMainViewModel.swift in Sources */ = {isa = PBXBuildFile; fileRef = 3D79F37527824816009EACD0 /* ProductsMainViewModel.swift */; };
		3D79F37A27835B39009EACD0 /* AddListPopoverViewModel.swift in Sources */ = {isa = PBXBuildFile; fileRef = 3D79F37927835B39009EACD0 /* AddListPopoverViewModel.swift */; };
		3D79F37C27835B56009EACD0 /* AddListPopoverView.swift in Sources */ = {isa = PBXBuildFile; fileRef = 3D79F37B27835B56009EACD0 /* AddListPopoverView.swift */; };
		3D79F38127836076009EACD0 /* ProductEntity+CoreDataClass.swift in Sources */ = {isa = PBXBuildFile; fileRef = 3D79F37D27836076009EACD0 /* ProductEntity+CoreDataClass.swift */; };
		3D79F38227836076009EACD0 /* ProductEntity+CoreDataProperties.swift in Sources */ = {isa = PBXBuildFile; fileRef = 3D79F37E27836076009EACD0 /* ProductEntity+CoreDataProperties.swift */; };
		3D79F38327836076009EACD0 /* GroceriesListEntity+CoreDataClass.swift in Sources */ = {isa = PBXBuildFile; fileRef = 3D79F37F27836076009EACD0 /* GroceriesListEntity+CoreDataClass.swift */; };
		3D79F38427836076009EACD0 /* GroceriesListEntity+CoreDataProperties.swift in Sources */ = {isa = PBXBuildFile; fileRef = 3D79F38027836076009EACD0 /* GroceriesListEntity+CoreDataProperties.swift */; };
		3DFC792A276FDA7700562380 /* Colors.swift in Sources */ = {isa = PBXBuildFile; fileRef = 3DFC7929276FDA7700562380 /* Colors.swift */; };
		3DFC792C27725D0300562380 /* ProductsMainView.swift in Sources */ = {isa = PBXBuildFile; fileRef = 3DFC792B27725D0300562380 /* ProductsMainView.swift */; };
		3DFC792E27725D1300562380 /* ProductCardView.swift in Sources */ = {isa = PBXBuildFile; fileRef = 3DFC792D27725D1300562380 /* ProductCardView.swift */; };
		3DFC793027725D1F00562380 /* ProductDetailView.swift in Sources */ = {isa = PBXBuildFile; fileRef = 3DFC792F27725D1F00562380 /* ProductDetailView.swift */; };
		3DFC793427726B4400562380 /* Localizable.strings in Resources */ = {isa = PBXBuildFile; fileRef = 3DFC793627726B4400562380 /* Localizable.strings */; };
/* End PBXBuildFile section */

/* Begin PBXFileReference section */
		3D17E625276E9972001D45C1 /* Appantry.app */ = {isa = PBXFileReference; explicitFileType = wrapper.application; includeInIndex = 0; path = Appantry.app; sourceTree = BUILT_PRODUCTS_DIR; };
		3D17E628276E9972001D45C1 /* Appantry_SwiftUIApp.swift */ = {isa = PBXFileReference; lastKnownFileType = sourcecode.swift; path = Appantry_SwiftUIApp.swift; sourceTree = "<group>"; };
		3D17E62A276E9972001D45C1 /* ContentView.swift */ = {isa = PBXFileReference; lastKnownFileType = sourcecode.swift; path = ContentView.swift; sourceTree = "<group>"; };
		3D17E62C276E9973001D45C1 /* Assets.xcassets */ = {isa = PBXFileReference; lastKnownFileType = folder.assetcatalog; path = Assets.xcassets; sourceTree = "<group>"; };
		3D17E62F276E9973001D45C1 /* Preview Assets.xcassets */ = {isa = PBXFileReference; lastKnownFileType = folder.assetcatalog; path = "Preview Assets.xcassets"; sourceTree = "<group>"; };
		3D17E637276E9A9F001D45C1 /* GroceriesListsMainView.swift */ = {isa = PBXFileReference; lastKnownFileType = sourcecode.swift; path = GroceriesListsMainView.swift; sourceTree = "<group>"; };
		3D17E63A276E9AEE001D45C1 /* GroceriesListData.swift */ = {isa = PBXFileReference; lastKnownFileType = sourcecode.swift; path = GroceriesListData.swift; sourceTree = "<group>"; };
		3D17E63C276E9EA7001D45C1 /* GroceriesListCardView.swift */ = {isa = PBXFileReference; lastKnownFileType = sourcecode.swift; path = GroceriesListCardView.swift; sourceTree = "<group>"; };
		3D17E63E276EA031001D45C1 /* GroceriesListsDetailView.swift */ = {isa = PBXFileReference; lastKnownFileType = sourcecode.swift; path = GroceriesListsDetailView.swift; sourceTree = "<group>"; };
		3D17E641276F444E001D45C1 /* HomeView.swift */ = {isa = PBXFileReference; lastKnownFileType = sourcecode.swift; path = HomeView.swift; sourceTree = "<group>"; };
		3D17E644276F4B5E001D45C1 /* HomeCardView.swift */ = {isa = PBXFileReference; lastKnownFileType = sourcecode.swift; path = HomeCardView.swift; sourceTree = "<group>"; };
		3D17E649276FC287001D45C1 /* ProductData.swift */ = {isa = PBXFileReference; lastKnownFileType = sourcecode.swift; path = ProductData.swift; sourceTree = "<group>"; };
		3D79F36227731FEB009EACD0 /* CoreDataModel.xcdatamodel */ = {isa = PBXFileReference; lastKnownFileType = wrapper.xcdatamodel; path = CoreDataModel.xcdatamodel; sourceTree = "<group>"; };
		3D79F3652773202D009EACD0 /* PersistenceController.swift */ = {isa = PBXFileReference; lastKnownFileType = sourcecode.swift; path = PersistenceController.swift; sourceTree = "<group>"; };
		3D79F36C2775315F009EACD0 /* AddProductPopover.swift */ = {isa = PBXFileReference; lastKnownFileType = sourcecode.swift; path = AddProductPopover.swift; sourceTree = "<group>"; };
		3D79F36E277CD653009EACD0 /* K.swift */ = {isa = PBXFileReference; lastKnownFileType = sourcecode.swift; path = K.swift; sourceTree = "<group>"; };
		3D79F37127823F00009EACD0 /* AddProductPopoverViewModel.swift */ = {isa = PBXFileReference; lastKnownFileType = sourcecode.swift; path = AddProductPopoverViewModel.swift; sourceTree = "<group>"; };
		3D79F37327824450009EACD0 /* Model.swift */ = {isa = PBXFileReference; lastKnownFileType = sourcecode.swift; path = Model.swift; sourceTree = "<group>"; };
		3D79F37527824816009EACD0 /* ProductsMainViewModel.swift */ = {isa = PBXFileReference; lastKnownFileType = sourcecode.swift; path = ProductsMainViewModel.swift; sourceTree = "<group>"; };
		3D79F37927835B39009EACD0 /* AddListPopoverViewModel.swift */ = {isa = PBXFileReference; lastKnownFileType = sourcecode.swift; path = AddListPopoverViewModel.swift; sourceTree = "<group>"; };
		3D79F37B27835B56009EACD0 /* AddListPopoverView.swift */ = {isa = PBXFileReference; lastKnownFileType = sourcecode.swift; path = AddListPopoverView.swift; sourceTree = "<group>"; };
		3D79F37D27836076009EACD0 /* ProductEntity+CoreDataClass.swift */ = {isa = PBXFileReference; lastKnownFileType = sourcecode.swift; name = "ProductEntity+CoreDataClass.swift"; path = "Appantry_SwiftUI/Models/CoreData/ProductEntity+CoreDataClass.swift"; sourceTree = SOURCE_ROOT; };
		3D79F37E27836076009EACD0 /* ProductEntity+CoreDataProperties.swift */ = {isa = PBXFileReference; lastKnownFileType = sourcecode.swift; name = "ProductEntity+CoreDataProperties.swift"; path = "Appantry_SwiftUI/Models/CoreData/ProductEntity+CoreDataProperties.swift"; sourceTree = SOURCE_ROOT; };
		3D79F37F27836076009EACD0 /* GroceriesListEntity+CoreDataClass.swift */ = {isa = PBXFileReference; lastKnownFileType = sourcecode.swift; name = "GroceriesListEntity+CoreDataClass.swift"; path = "Appantry_SwiftUI/Models/CoreData/GroceriesListEntity+CoreDataClass.swift"; sourceTree = SOURCE_ROOT; };
		3D79F38027836076009EACD0 /* GroceriesListEntity+CoreDataProperties.swift */ = {isa = PBXFileReference; lastKnownFileType = sourcecode.swift; name = "GroceriesListEntity+CoreDataProperties.swift"; path = "Appantry_SwiftUI/Models/CoreData/GroceriesListEntity+CoreDataProperties.swift"; sourceTree = SOURCE_ROOT; };
		3DFC7929276FDA7700562380 /* Colors.swift */ = {isa = PBXFileReference; lastKnownFileType = sourcecode.swift; path = Colors.swift; sourceTree = "<group>"; };
		3DFC792B27725D0300562380 /* ProductsMainView.swift */ = {isa = PBXFileReference; lastKnownFileType = sourcecode.swift; path = ProductsMainView.swift; sourceTree = "<group>"; };
		3DFC792D27725D1300562380 /* ProductCardView.swift */ = {isa = PBXFileReference; lastKnownFileType = sourcecode.swift; path = ProductCardView.swift; sourceTree = "<group>"; };
		3DFC792F27725D1F00562380 /* ProductDetailView.swift */ = {isa = PBXFileReference; lastKnownFileType = sourcecode.swift; path = ProductDetailView.swift; sourceTree = "<group>"; };
		3DFC793527726B4400562380 /* en */ = {isa = PBXFileReference; lastKnownFileType = text.plist.strings; name = en; path = en.lproj/Localizable.strings; sourceTree = "<group>"; };
		3DFC793727726B6D00562380 /* de */ = {isa = PBXFileReference; lastKnownFileType = text.plist.strings; name = de; path = de.lproj/Localizable.strings; sourceTree = "<group>"; };
		3DFC793827726B7900562380 /* es */ = {isa = PBXFileReference; lastKnownFileType = text.plist.strings; name = es; path = es.lproj/Localizable.strings; sourceTree = "<group>"; };
/* End PBXFileReference section */

/* Begin PBXFrameworksBuildPhase section */
		3D17E622276E9972001D45C1 /* Frameworks */ = {
			isa = PBXFrameworksBuildPhase;
			buildActionMask = 2147483647;
			files = (
			);
			runOnlyForDeploymentPostprocessing = 0;
		};
/* End PBXFrameworksBuildPhase section */

/* Begin PBXGroup section */
		3D17E61C276E9972001D45C1 = {
			isa = PBXGroup;
			children = (
				3D17E627276E9972001D45C1 /* Appantry_SwiftUI */,
				3D17E626276E9972001D45C1 /* Products */,
			);
			sourceTree = "<group>";
		};
		3D17E626276E9972001D45C1 /* Products */ = {
			isa = PBXGroup;
			children = (
				3D17E625276E9972001D45C1 /* Appantry.app */,
			);
			name = Products;
			sourceTree = "<group>";
		};
		3D17E627276E9972001D45C1 /* Appantry_SwiftUI */ = {
			isa = PBXGroup;
			children = (
				3D17E628276E9972001D45C1 /* Appantry_SwiftUIApp.swift */,
				3D17E639276E9ACD001D45C1 /* Models */,
				3D17E636276E9A73001D45C1 /* Views */,
				3D79F36727734216009EACD0 /* ViewModels */,
				3DFC793327726B2D00562380 /* Resources */,
				3D17E62C276E9973001D45C1 /* Assets.xcassets */,
				3D17E62E276E9973001D45C1 /* Preview Content */,
			);
			path = Appantry_SwiftUI;
			sourceTree = "<group>";
		};
		3D17E62E276E9973001D45C1 /* Preview Content */ = {
			isa = PBXGroup;
			children = (
				3D17E62F276E9973001D45C1 /* Preview Assets.xcassets */,
			);
			path = "Preview Content";
			sourceTree = "<group>";
		};
		3D17E636276E9A73001D45C1 /* Views */ = {
			isa = PBXGroup;
			children = (
				3D17E62A276E9972001D45C1 /* ContentView.swift */,
				3D17E643276F44E5001D45C1 /* HomeView */,
			);
			path = Views;
			sourceTree = "<group>";
		};
		3D17E639276E9ACD001D45C1 /* Models */ = {
			isa = PBXGroup;
			children = (
				3D79F3642773201B009EACD0 /* CoreData */,
				3D17E63A276E9AEE001D45C1 /* GroceriesListData.swift */,
				3D17E649276FC287001D45C1 /* ProductData.swift */,
				3D79F37327824450009EACD0 /* Model.swift */,
			);
			path = Models;
			sourceTree = "<group>";
		};
		3D17E640276EA03D001D45C1 /* GroceriesListsViews */ = {
			isa = PBXGroup;
			children = (
				3D17E637276E9A9F001D45C1 /* GroceriesListsMainView.swift */,
				3D17E63C276E9EA7001D45C1 /* GroceriesListCardView.swift */,
				3D17E63E276EA031001D45C1 /* GroceriesListsDetailView.swift */,
				3D79F37B27835B56009EACD0 /* AddListPopoverView.swift */,
			);
			path = GroceriesListsViews;
			sourceTree = "<group>";
		};
		3D17E643276F44E5001D45C1 /* HomeView */ = {
			isa = PBXGroup;
			children = (
				3D17E641276F444E001D45C1 /* HomeView.swift */,
				3D17E644276F4B5E001D45C1 /* HomeCardView.swift */,
				3D17E646276F673E001D45C1 /* ProductsListView */,
				3D17E640276EA03D001D45C1 /* GroceriesListsViews */,
			);
			path = HomeView;
			sourceTree = "<group>";
		};
		3D17E646276F673E001D45C1 /* ProductsListView */ = {
			isa = PBXGroup;
			children = (
				3DFC792B27725D0300562380 /* ProductsMainView.swift */,
				3DFC792D27725D1300562380 /* ProductCardView.swift */,
				3DFC792F27725D1F00562380 /* ProductDetailView.swift */,
				3D79F36C2775315F009EACD0 /* AddProductPopover.swift */,
			);
			path = ProductsListView;
			sourceTree = "<group>";
		};
		3D79F3642773201B009EACD0 /* CoreData */ = {
			isa = PBXGroup;
			children = (
				3D79F37D27836076009EACD0 /* ProductEntity+CoreDataClass.swift */,
				3D79F37E27836076009EACD0 /* ProductEntity+CoreDataProperties.swift */,
				3D79F37F27836076009EACD0 /* GroceriesListEntity+CoreDataClass.swift */,
				3D79F38027836076009EACD0 /* GroceriesListEntity+CoreDataProperties.swift */,
				3D79F36127731FEB009EACD0 /* CoreDataModel.xcdatamodeld */,
				3D79F3652773202D009EACD0 /* PersistenceController.swift */,
			);
			path = CoreData;
			sourceTree = "<group>";
		};
		3D79F36727734216009EACD0 /* ViewModels */ = {
			isa = PBXGroup;
			children = (
				3D79F37827835A3C009EACD0 /* GroceriesListsViewModels */,
				3D79F37727835A29009EACD0 /* ProductsListViewModels */,
			);
			path = ViewModels;
			sourceTree = "<group>";
		};
		3D79F37727835A29009EACD0 /* ProductsListViewModels */ = {
			isa = PBXGroup;
			children = (
				3D79F37127823F00009EACD0 /* AddProductPopoverViewModel.swift */,
				3D79F37527824816009EACD0 /* ProductsMainViewModel.swift */,
			);
			path = ProductsListViewModels;
			sourceTree = "<group>";
		};
		3D79F37827835A3C009EACD0 /* GroceriesListsViewModels */ = {
			isa = PBXGroup;
			children = (
				3D79F37927835B39009EACD0 /* AddListPopoverViewModel.swift */,
			);
			path = GroceriesListsViewModels;
			sourceTree = "<group>";
		};
		3DFC793327726B2D00562380 /* Resources */ = {
			isa = PBXGroup;
			children = (
				3DFC7929276FDA7700562380 /* Colors.swift */,
				3D79F36E277CD653009EACD0 /* K.swift */,
				3DFC793627726B4400562380 /* Localizable.strings */,
			);
			path = Resources;
			sourceTree = "<group>";
		};
/* End PBXGroup section */

/* Begin PBXNativeTarget section */
		3D17E624276E9972001D45C1 /* Appantry */ = {
			isa = PBXNativeTarget;
			buildConfigurationList = 3D17E633276E9973001D45C1 /* Build configuration list for PBXNativeTarget "Appantry" */;
			buildPhases = (
				3D17E621276E9972001D45C1 /* Sources */,
				3D17E622276E9972001D45C1 /* Frameworks */,
				3D17E623276E9972001D45C1 /* Resources */,
			);
			buildRules = (
			);
			dependencies = (
			);
			name = Appantry;
			productName = Appantry_SwiftUI;
			productReference = 3D17E625276E9972001D45C1 /* Appantry.app */;
			productType = "com.apple.product-type.application";
		};
/* End PBXNativeTarget section */

/* Begin PBXProject section */
		3D17E61D276E9972001D45C1 /* Project object */ = {
			isa = PBXProject;
			attributes = {
				BuildIndependentTargetsInParallel = 1;
				LastSwiftUpdateCheck = 1320;
				LastUpgradeCheck = 1320;
				TargetAttributes = {
					3D17E624276E9972001D45C1 = {
						CreatedOnToolsVersion = 13.2;
					};
				};
			};
			buildConfigurationList = 3D17E620276E9972001D45C1 /* Build configuration list for PBXProject "Appantry" */;
			compatibilityVersion = "Xcode 13.0";
			developmentRegion = en;
			hasScannedForEncodings = 0;
			knownRegions = (
				en,
				Base,
				de,
				es,
			);
			mainGroup = 3D17E61C276E9972001D45C1;
			productRefGroup = 3D17E626276E9972001D45C1 /* Products */;
			projectDirPath = "";
			projectRoot = "";
			targets = (
				3D17E624276E9972001D45C1 /* Appantry */,
			);
		};
/* End PBXProject section */

/* Begin PBXResourcesBuildPhase section */
		3D17E623276E9972001D45C1 /* Resources */ = {
			isa = PBXResourcesBuildPhase;
			buildActionMask = 2147483647;
			files = (
				3D17E630276E9973001D45C1 /* Preview Assets.xcassets in Resources */,
				3DFC793427726B4400562380 /* Localizable.strings in Resources */,
				3D17E62D276E9973001D45C1 /* Assets.xcassets in Resources */,
			);
			runOnlyForDeploymentPostprocessing = 0;
		};
/* End PBXResourcesBuildPhase section */

/* Begin PBXSourcesBuildPhase section */
		3D17E621276E9972001D45C1 /* Sources */ = {
			isa = PBXSourcesBuildPhase;
			buildActionMask = 2147483647;
			files = (
				3D79F37C27835B56009EACD0 /* AddListPopoverView.swift in Sources */,
				3D17E62B276E9972001D45C1 /* ContentView.swift in Sources */,
				3D79F38227836076009EACD0 /* ProductEntity+CoreDataProperties.swift in Sources */,
				3DFC792A276FDA7700562380 /* Colors.swift in Sources */,
				3D79F37227823F00009EACD0 /* AddProductPopoverViewModel.swift in Sources */,
				3D17E642276F444E001D45C1 /* HomeView.swift in Sources */,
				3D79F38427836076009EACD0 /* GroceriesListEntity+CoreDataProperties.swift in Sources */,
				3D17E64A276FC287001D45C1 /* ProductData.swift in Sources */,
				3D79F38327836076009EACD0 /* GroceriesListEntity+CoreDataClass.swift in Sources */,
				3D17E63D276E9EA7001D45C1 /* GroceriesListCardView.swift in Sources */,
				3D17E645276F4B5E001D45C1 /* HomeCardView.swift in Sources */,
				3DFC792E27725D1300562380 /* ProductCardView.swift in Sources */,
				3D17E63B276E9AEE001D45C1 /* GroceriesListData.swift in Sources */,
				3D79F36F277CD653009EACD0 /* K.swift in Sources */,
				3D17E638276E9A9F001D45C1 /* GroceriesListsMainView.swift in Sources */,
				3D79F3662773202D009EACD0 /* PersistenceController.swift in Sources */,
				3DFC792C27725D0300562380 /* ProductsMainView.swift in Sources */,
				3D79F36D2775315F009EACD0 /* AddProductPopover.swift in Sources */,
				3D79F37427824450009EACD0 /* Model.swift in Sources */,
				3D79F37627824816009EACD0 /* ProductsMainViewModel.swift in Sources */,
				3DFC793027725D1F00562380 /* ProductDetailView.swift in Sources */,
				3D79F37A27835B39009EACD0 /* AddListPopoverViewModel.swift in Sources */,
				3D17E629276E9972001D45C1 /* Appantry_SwiftUIApp.swift in Sources */,
				3D79F38127836076009EACD0 /* ProductEntity+CoreDataClass.swift in Sources */,
				3D79F36327731FEB009EACD0 /* CoreDataModel.xcdatamodeld in Sources */,
				3D17E63F276EA031001D45C1 /* GroceriesListsDetailView.swift in Sources */,
			);
			runOnlyForDeploymentPostprocessing = 0;
		};
/* End PBXSourcesBuildPhase section */

/* Begin PBXVariantGroup section */
		3DFC793627726B4400562380 /* Localizable.strings */ = {
			isa = PBXVariantGroup;
			children = (
				3DFC793527726B4400562380 /* en */,
				3DFC793727726B6D00562380 /* de */,
				3DFC793827726B7900562380 /* es */,
			);
			name = Localizable.strings;
			sourceTree = "<group>";
		};
/* End PBXVariantGroup section */

/* Begin XCBuildConfiguration section */
		3D17E631276E9973001D45C1 /* Debug */ = {
			isa = XCBuildConfiguration;
			buildSettings = {
				ALWAYS_SEARCH_USER_PATHS = NO;
				CLANG_ANALYZER_LOCALIZABILITY_NONLOCALIZED = YES;
				CLANG_ANALYZER_NONNULL = YES;
				CLANG_ANALYZER_NUMBER_OBJECT_CONVERSION = YES_AGGRESSIVE;
				CLANG_CXX_LANGUAGE_STANDARD = "gnu++17";
				CLANG_CXX_LIBRARY = "libc++";
				CLANG_ENABLE_MODULES = YES;
				CLANG_ENABLE_OBJC_ARC = YES;
				CLANG_ENABLE_OBJC_WEAK = YES;
				CLANG_WARN_BLOCK_CAPTURE_AUTORELEASING = YES;
				CLANG_WARN_BOOL_CONVERSION = YES;
				CLANG_WARN_COMMA = YES;
				CLANG_WARN_CONSTANT_CONVERSION = YES;
				CLANG_WARN_DEPRECATED_OBJC_IMPLEMENTATIONS = YES;
				CLANG_WARN_DIRECT_OBJC_ISA_USAGE = YES_ERROR;
				CLANG_WARN_DOCUMENTATION_COMMENTS = YES;
				CLANG_WARN_EMPTY_BODY = YES;
				CLANG_WARN_ENUM_CONVERSION = YES;
				CLANG_WARN_INFINITE_RECURSION = YES;
				CLANG_WARN_INT_CONVERSION = YES;
				CLANG_WARN_NON_LITERAL_NULL_CONVERSION = YES;
				CLANG_WARN_OBJC_IMPLICIT_RETAIN_SELF = YES;
				CLANG_WARN_OBJC_LITERAL_CONVERSION = YES;
				CLANG_WARN_OBJC_ROOT_CLASS = YES_ERROR;
				CLANG_WARN_QUOTED_INCLUDE_IN_FRAMEWORK_HEADER = YES;
				CLANG_WARN_RANGE_LOOP_ANALYSIS = YES;
				CLANG_WARN_STRICT_PROTOTYPES = YES;
				CLANG_WARN_SUSPICIOUS_MOVE = YES;
				CLANG_WARN_UNGUARDED_AVAILABILITY = YES_AGGRESSIVE;
				CLANG_WARN_UNREACHABLE_CODE = YES;
				CLANG_WARN__DUPLICATE_METHOD_MATCH = YES;
				COPY_PHASE_STRIP = NO;
				DEBUG_INFORMATION_FORMAT = dwarf;
				ENABLE_STRICT_OBJC_MSGSEND = YES;
				ENABLE_TESTABILITY = YES;
				GCC_C_LANGUAGE_STANDARD = gnu11;
				GCC_DYNAMIC_NO_PIC = NO;
				GCC_NO_COMMON_BLOCKS = YES;
				GCC_OPTIMIZATION_LEVEL = 0;
				GCC_PREPROCESSOR_DEFINITIONS = (
					"DEBUG=1",
					"$(inherited)",
				);
				GCC_WARN_64_TO_32_BIT_CONVERSION = YES;
				GCC_WARN_ABOUT_RETURN_TYPE = YES_ERROR;
				GCC_WARN_UNDECLARED_SELECTOR = YES;
				GCC_WARN_UNINITIALIZED_AUTOS = YES_AGGRESSIVE;
				GCC_WARN_UNUSED_FUNCTION = YES;
				GCC_WARN_UNUSED_VARIABLE = YES;
				IPHONEOS_DEPLOYMENT_TARGET = 15.2;
				MTL_ENABLE_DEBUG_INFO = INCLUDE_SOURCE;
				MTL_FAST_MATH = YES;
				ONLY_ACTIVE_ARCH = YES;
				PRODUCT_NAME = Appantry;
				SDKROOT = iphoneos;
				SWIFT_ACTIVE_COMPILATION_CONDITIONS = DEBUG;
				SWIFT_OPTIMIZATION_LEVEL = "-Onone";
			};
			name = Debug;
		};
		3D17E632276E9973001D45C1 /* Release */ = {
			isa = XCBuildConfiguration;
			buildSettings = {
				ALWAYS_SEARCH_USER_PATHS = NO;
				CLANG_ANALYZER_LOCALIZABILITY_NONLOCALIZED = YES;
				CLANG_ANALYZER_NONNULL = YES;
				CLANG_ANALYZER_NUMBER_OBJECT_CONVERSION = YES_AGGRESSIVE;
				CLANG_CXX_LANGUAGE_STANDARD = "gnu++17";
				CLANG_CXX_LIBRARY = "libc++";
				CLANG_ENABLE_MODULES = YES;
				CLANG_ENABLE_OBJC_ARC = YES;
				CLANG_ENABLE_OBJC_WEAK = YES;
				CLANG_WARN_BLOCK_CAPTURE_AUTORELEASING = YES;
				CLANG_WARN_BOOL_CONVERSION = YES;
				CLANG_WARN_COMMA = YES;
				CLANG_WARN_CONSTANT_CONVERSION = YES;
				CLANG_WARN_DEPRECATED_OBJC_IMPLEMENTATIONS = YES;
				CLANG_WARN_DIRECT_OBJC_ISA_USAGE = YES_ERROR;
				CLANG_WARN_DOCUMENTATION_COMMENTS = YES;
				CLANG_WARN_EMPTY_BODY = YES;
				CLANG_WARN_ENUM_CONVERSION = YES;
				CLANG_WARN_INFINITE_RECURSION = YES;
				CLANG_WARN_INT_CONVERSION = YES;
				CLANG_WARN_NON_LITERAL_NULL_CONVERSION = YES;
				CLANG_WARN_OBJC_IMPLICIT_RETAIN_SELF = YES;
				CLANG_WARN_OBJC_LITERAL_CONVERSION = YES;
				CLANG_WARN_OBJC_ROOT_CLASS = YES_ERROR;
				CLANG_WARN_QUOTED_INCLUDE_IN_FRAMEWORK_HEADER = YES;
				CLANG_WARN_RANGE_LOOP_ANALYSIS = YES;
				CLANG_WARN_STRICT_PROTOTYPES = YES;
				CLANG_WARN_SUSPICIOUS_MOVE = YES;
				CLANG_WARN_UNGUARDED_AVAILABILITY = YES_AGGRESSIVE;
				CLANG_WARN_UNREACHABLE_CODE = YES;
				CLANG_WARN__DUPLICATE_METHOD_MATCH = YES;
				COPY_PHASE_STRIP = NO;
				DEBUG_INFORMATION_FORMAT = "dwarf-with-dsym";
				ENABLE_NS_ASSERTIONS = NO;
				ENABLE_STRICT_OBJC_MSGSEND = YES;
				GCC_C_LANGUAGE_STANDARD = gnu11;
				GCC_NO_COMMON_BLOCKS = YES;
				GCC_WARN_64_TO_32_BIT_CONVERSION = YES;
				GCC_WARN_ABOUT_RETURN_TYPE = YES_ERROR;
				GCC_WARN_UNDECLARED_SELECTOR = YES;
				GCC_WARN_UNINITIALIZED_AUTOS = YES_AGGRESSIVE;
				GCC_WARN_UNUSED_FUNCTION = YES;
				GCC_WARN_UNUSED_VARIABLE = YES;
				IPHONEOS_DEPLOYMENT_TARGET = 15.2;
				MTL_ENABLE_DEBUG_INFO = NO;
				MTL_FAST_MATH = YES;
				PRODUCT_NAME = Appantry;
				SDKROOT = iphoneos;
				SWIFT_COMPILATION_MODE = wholemodule;
				SWIFT_OPTIMIZATION_LEVEL = "-O";
				VALIDATE_PRODUCT = YES;
			};
			name = Release;
		};
		3D17E634276E9973001D45C1 /* Debug */ = {
			isa = XCBuildConfiguration;
			buildSettings = {
				ASSETCATALOG_COMPILER_APPICON_NAME = AppIcon;
				ASSETCATALOG_COMPILER_GLOBAL_ACCENT_COLOR_NAME = AccentColor;
				CODE_SIGN_STYLE = Automatic;
				CURRENT_PROJECT_VERSION = 1;
				DEVELOPMENT_ASSET_PATHS = "\"Appantry_SwiftUI/Preview Content\"";
				DEVELOPMENT_TEAM = DF33TMY75X;
				ENABLE_PREVIEWS = YES;
				GENERATE_INFOPLIST_FILE = YES;
				INFOPLIST_KEY_UIApplicationSceneManifest_Generation = YES;
				INFOPLIST_KEY_UIApplicationSupportsIndirectInputEvents = YES;
				INFOPLIST_KEY_UILaunchScreen_Generation = YES;
				INFOPLIST_KEY_UISupportedInterfaceOrientations_iPad = "UIInterfaceOrientationPortrait UIInterfaceOrientationPortraitUpsideDown UIInterfaceOrientationLandscapeLeft UIInterfaceOrientationLandscapeRight";
				INFOPLIST_KEY_UISupportedInterfaceOrientations_iPhone = "UIInterfaceOrientationPortrait UIInterfaceOrientationLandscapeLeft UIInterfaceOrientationLandscapeRight";
				IPHONEOS_DEPLOYMENT_TARGET = 15.2;
				LD_RUNPATH_SEARCH_PATHS = (
					"$(inherited)",
					"@executable_path/Frameworks",
				);
				MARKETING_VERSION = 1.0;
				PRODUCT_BUNDLE_IDENTIFIER = "com.Zenyera.Appantry-SwiftUI";
				PRODUCT_NAME = Appantry;
				SWIFT_EMIT_LOC_STRINGS = YES;
				SWIFT_VERSION = 5.0;
				TARGETED_DEVICE_FAMILY = "1,2";
			};
			name = Debug;
		};
		3D17E635276E9973001D45C1 /* Release */ = {
			isa = XCBuildConfiguration;
			buildSettings = {
				ASSETCATALOG_COMPILER_APPICON_NAME = AppIcon;
				ASSETCATALOG_COMPILER_GLOBAL_ACCENT_COLOR_NAME = AccentColor;
				CODE_SIGN_STYLE = Automatic;
				CURRENT_PROJECT_VERSION = 1;
				DEVELOPMENT_ASSET_PATHS = "\"Appantry_SwiftUI/Preview Content\"";
				DEVELOPMENT_TEAM = DF33TMY75X;
				ENABLE_PREVIEWS = YES;
				GENERATE_INFOPLIST_FILE = YES;
				INFOPLIST_KEY_UIApplicationSceneManifest_Generation = YES;
				INFOPLIST_KEY_UIApplicationSupportsIndirectInputEvents = YES;
				INFOPLIST_KEY_UILaunchScreen_Generation = YES;
				INFOPLIST_KEY_UISupportedInterfaceOrientations_iPad = "UIInterfaceOrientationPortrait UIInterfaceOrientationPortraitUpsideDown UIInterfaceOrientationLandscapeLeft UIInterfaceOrientationLandscapeRight";
				INFOPLIST_KEY_UISupportedInterfaceOrientations_iPhone = "UIInterfaceOrientationPortrait UIInterfaceOrientationLandscapeLeft UIInterfaceOrientationLandscapeRight";
				IPHONEOS_DEPLOYMENT_TARGET = 15.2;
				LD_RUNPATH_SEARCH_PATHS = (
					"$(inherited)",
					"@executable_path/Frameworks",
				);
				MARKETING_VERSION = 1.0;
				PRODUCT_BUNDLE_IDENTIFIER = "com.Zenyera.Appantry-SwiftUI";
				PRODUCT_NAME = Appantry;
				SWIFT_EMIT_LOC_STRINGS = YES;
				SWIFT_VERSION = 5.0;
				TARGETED_DEVICE_FAMILY = "1,2";
			};
			name = Release;
		};
/* End XCBuildConfiguration section */

/* Begin XCConfigurationList section */
		3D17E620276E9972001D45C1 /* Build configuration list for PBXProject "Appantry" */ = {
			isa = XCConfigurationList;
			buildConfigurations = (
				3D17E631276E9973001D45C1 /* Debug */,
				3D17E632276E9973001D45C1 /* Release */,
			);
			defaultConfigurationIsVisible = 0;
			defaultConfigurationName = Release;
		};
		3D17E633276E9973001D45C1 /* Build configuration list for PBXNativeTarget "Appantry" */ = {
			isa = XCConfigurationList;
			buildConfigurations = (
				3D17E634276E9973001D45C1 /* Debug */,
				3D17E635276E9973001D45C1 /* Release */,
			);
			defaultConfigurationIsVisible = 0;
			defaultConfigurationName = Release;
		};
/* End XCConfigurationList section */

/* Begin XCVersionGroup section */
		3D79F36127731FEB009EACD0 /* CoreDataModel.xcdatamodeld */ = {
			isa = XCVersionGroup;
			children = (
				3D79F36227731FEB009EACD0 /* CoreDataModel.xcdatamodel */,
			);
			currentVersion = 3D79F36227731FEB009EACD0 /* CoreDataModel.xcdatamodel */;
			path = CoreDataModel.xcdatamodeld;
			sourceTree = "<group>";
			versionGroupType = wrapper.xcdatamodel;
		};
/* End XCVersionGroup section */
	};
	rootObject = 3D17E61D276E9972001D45C1 /* Project object */;
}
